
Microsoft Visual Studio Solution File, Format Version 12.00
# Visual Studio Version 16
VisualStudioVersion = 16.0.29920.165
MinimumVisualStudioVersion = 10.0.40219.1
Project("{8BC9CEB8-8B4A-11D0-8D11-00A0C91BC942}") = "Fifo", "Fifo.vcxproj", "{5A850E0A-1E2E-44A7-93E5-4FF1E0B25F42}"
EndProject
Project("{8BC9CEB8-8B4A-11D0-8D11-00A0C91BC942}") = "LHFifo", "..\LHFifo\LHFifo.vcxproj", "{BF743454-3B78-4A0A-8862-3695B5A30982}"
EndProject
Project("{8BC9CEB8-8B4A-11D0-8D11-00A0C91BC942}") = "TFifo", "..\TFifo\TFifo.vcxproj", "{B68013E3-792A-40DB-881A-34A0BF5D6C35}"
EndProject
Global
	GlobalSection(SolutionConfigurationPlatforms) = preSolution
		Debug|x64 = Debug|x64
		Debug|x86 = Debug|x86
		Release|x64 = Release|x64
		Release|x86 = Release|x86
	EndGlobalSection
	GlobalSection(ProjectConfigurationPlatforms) = postSolution
		{5A850E0A-1E2E-44A7-93E5-4FF1E0B25F42}.Debug|x64.ActiveCfg = Debug|x64
		{5A850E0A-1E2E-44A7-93E5-4FF1E0B25F42}.Debug|x64.Build.0 = Debug|x64
		{5A850E0A-1E2E-44A7-93E5-4FF1E0B25F42}.Debug|x86.ActiveCfg = Debug|Win32
		{5A850E0A-1E2E-44A7-93E5-4FF1E0B25F42}.Debug|x86.Build.0 = Debug|Win32
		{5A850E0A-1E2E-44A7-93E5-4FF1E0B25F42}.Release|x64.ActiveCfg = Release|x64
		{5A850E0A-1E2E-44A7-93E5-4FF1E0B25F42}.Release|x64.Build.0 = Release|x64
		{5A850E0A-1E2E-44A7-93E5-4FF1E0B25F42}.Release|x86.ActiveCfg = Release|Win32
		{5A850E0A-1E2E-44A7-93E5-4FF1E0B25F42}.Release|x86.Build.0 = Release|Win32
		{BF743454-3B78-4A0A-8862-3695B5A30982}.Debug|x64.ActiveCfg = Debug|x64
		{BF743454-3B78-4A0A-8862-3695B5A30982}.Debug|x64.Build.0 = Debug|x64
		{BF743454-3B78-4A0A-8862-3695B5A30982}.Debug|x86.ActiveCfg = Debug|Win32
		{BF743454-3B78-4A0A-8862-3695B5A30982}.Debug|x86.Build.0 = Debug|Win32
		{BF743454-3B78-4A0A-8862-3695B5A30982}.Release|x64.ActiveCfg = Release|x64
		{BF743454-3B78-4A0A-8862-3695B5A30982}.Release|x64.Build.0 = Release|x64
		{BF743454-3B78-4A0A-8862-3695B5A30982}.Release|x86.ActiveCfg = Release|Win32
		{BF743454-3B78-4A0A-8862-3695B5A30982}.Release|x86.Build.0 = Release|Win32
		{B68013E3-792A-40DB-881A-34A0BF5D6C35}.Debug|x64.ActiveCfg = Debug|x64
		{B68013E3-792A-40DB-881A-34A0BF5D6C35}.Debug|x64.Build.0 = Debug|x64
		{B68013E3-792A-40DB-881A-34A0BF5D6C35}.Debug|x86.ActiveCfg = Debug|Win32
		{B68013E3-792A-40DB-881A-34A0BF5D6C35}.Debug|x86.Build.0 = Debug|Win32
		{B68013E3-792A-40DB-881A-34A0BF5D6C35}.Release|x64.ActiveCfg = Release|x64
		{B68013E3-792A-40DB-881A-34A0BF5D6C35}.Release|x64.Build.0 = Release|x64
		{B68013E3-792A-40DB-881A-34A0BF5D6C35}.Release|x86.ActiveCfg = Release|Win32
		{B68013E3-792A-40DB-881A-34A0BF5D6C35}.Release|x86.Build.0 = Release|Win32
	EndGlobalSection
	GlobalSection(SolutionProperties) = preSolution
		HideSolutionNode = FALSE
	EndGlobalSection
	GlobalSection(ExtensibilityGlobals) = postSolution
		SolutionGuid = {63055B7E-9573-42D8-9DD0-D78D282E688A}
	EndGlobalSection
EndGlobal
